
Microsoft Visual Studio Solution File, Format Version 12.00
# Visual Studio Version 17
VisualStudioVersion = 17.5.33627.172
MinimumVisualStudioVersion = 10.0.40219.1
Project("{FAE04EC0-301F-11D3-BF4B-00C04F79EFBC}") = "Movies.Api", "Movies.Api\Movies.Api.csproj", "{77D4CF11-F4AE-48DD-A4AA-E0B21AC18203}"
EndProject
Project("{FAE04EC0-301F-11D3-BF4B-00C04F79EFBC}") = "Movies.Application", "Movies.Application\Movies.Application.csproj", "{EBDA18F2-FF65-4746-9C13-BAD73040F762}"
EndProject
Project("{FAE04EC0-301F-11D3-BF4B-00C04F79EFBC}") = "Movies.Contracts", "Movies.Contracts\Movies.Contracts.csproj", "{05B4EB69-27AB-4B56-9F84-6AA18A640DC3}"
EndProject
Global
	GlobalSection(SolutionConfigurationPlatforms) = preSolution
		Debug|Any CPU = Debug|Any CPU
		Release|Any CPU = Release|Any CPU
	EndGlobalSection
	GlobalSection(ProjectConfigurationPlatforms) = postSolution
		{77D4CF11-F4AE-48DD-A4AA-E0B21AC18203}.Debug|Any CPU.ActiveCfg = Debug|Any CPU
		{77D4CF11-F4AE-48DD-A4AA-E0B21AC18203}.Debug|Any CPU.Build.0 = Debug|Any CPU
		{77D4CF11-F4AE-48DD-A4AA-E0B21AC18203}.Release|Any CPU.ActiveCfg = Release|Any CPU
		{77D4CF11-F4AE-48DD-A4AA-E0B21AC18203}.Release|Any CPU.Build.0 = Release|Any CPU
		{EBDA18F2-FF65-4746-9C13-BAD73040F762}.Debug|Any CPU.ActiveCfg = Debug|Any CPU
		{EBDA18F2-FF65-4746-9C13-BAD73040F762}.Debug|Any CPU.Build.0 = Debug|Any CPU
		{EBDA18F2-FF65-4746-9C13-BAD73040F762}.Release|Any CPU.ActiveCfg = Release|Any CPU
		{EBDA18F2-FF65-4746-9C13-BAD73040F762}.Release|Any CPU.Build.0 = Release|Any CPU
		{05B4EB69-27AB-4B56-9F84-6AA18A640DC3}.Debug|Any CPU.ActiveCfg = Debug|Any CPU
		{05B4EB69-27AB-4B56-9F84-6AA18A640DC3}.Debug|Any CPU.Build.0 = Debug|Any CPU
		{05B4EB69-27AB-4B56-9F84-6AA18A640DC3}.Release|Any CPU.ActiveCfg = Release|Any CPU
		{05B4EB69-27AB-4B56-9F84-6AA18A640DC3}.Release|Any CPU.Build.0 = Release|Any CPU
	EndGlobalSection
	GlobalSection(SolutionProperties) = preSolution
		HideSolutionNode = FALSE
	EndGlobalSection
	GlobalSection(ExtensibilityGlobals) = postSolution
		SolutionGuid = {567AF642-8A13-46E3-AB38-A2346B198A5D}
	EndGlobalSection
EndGlobal
